
Microsoft Visual Studio Solution File, Format Version 12.00
# Visual Studio 15
VisualStudioVersion = 15.0.27004.2009
MinimumVisualStudioVersion = 10.0.40219.1
Project("{FAE04EC0-301F-11D3-BF4B-00C04F79EFBC}") = "ProfgyanWebApi", "WebAPI\ProfgyanWebApi.csproj", "{BD9CA078-5CB5-4C22-8CF7-0B36D4C51311}"
EndProject
Project("{FAE04EC0-301F-11D3-BF4B-00C04F79EFBC}") = "Profgyan.BL", "Profgyan.BL\Profgyan.BL.csproj", "{2E475D27-92B8-4105-8F55-FC9630A8FBA7}"
EndProject
Project("{FAE04EC0-301F-11D3-BF4B-00C04F79EFBC}") = "Profgyan.Constants", "Profgyan.Constants\Profgyan.Constants.csproj", "{45E24F89-259B-4CF6-A6D8-FD6C164A1F99}"
EndProject
Project("{FAE04EC0-301F-11D3-BF4B-00C04F79EFBC}") = "Profgyan.Data", "Profgyan.Data\Profgyan.Data.csproj", "{5CCAE4E9-516E-405A-820E-DDCBE46D9F23}"
EndProject
Project("{FAE04EC0-301F-11D3-BF4B-00C04F79EFBC}") = "Profgyan.helper", "Profgyan.helper\Profgyan.helper.csproj", "{7036A983-A4A7-4BBB-B288-BEF953190C96}"
EndProject
Project("{FAE04EC0-301F-11D3-BF4B-00C04F79EFBC}") = "Profgyan.DataModel", "Profgyan.DataModel\Profgyan.DataModel.csproj", "{24B53E79-0DB5-4ADC-B41B-C16B6F72259B}"
EndProject
Project("{FAE04EC0-301F-11D3-BF4B-00C04F79EFBC}") = "Profgyan.DTO", "Profgyan.DTO\Profgyan.DTO.csproj", "{A4A82002-1D2F-4573-82E1-46E3657333D0}"
EndProject
Global
	GlobalSection(SolutionConfigurationPlatforms) = preSolution
		Debug|Any CPU = Debug|Any CPU
		Release|Any CPU = Release|Any CPU
	EndGlobalSection
	GlobalSection(ProjectConfigurationPlatforms) = postSolution
		{BD9CA078-5CB5-4C22-8CF7-0B36D4C51311}.Debug|Any CPU.ActiveCfg = Debug|Any CPU
		{BD9CA078-5CB5-4C22-8CF7-0B36D4C51311}.Debug|Any CPU.Build.0 = Debug|Any CPU
		{BD9CA078-5CB5-4C22-8CF7-0B36D4C51311}.Release|Any CPU.ActiveCfg = Release|Any CPU
		{BD9CA078-5CB5-4C22-8CF7-0B36D4C51311}.Release|Any CPU.Build.0 = Release|Any CPU
		{2E475D27-92B8-4105-8F55-FC9630A8FBA7}.Debug|Any CPU.ActiveCfg = Debug|Any CPU
		{2E475D27-92B8-4105-8F55-FC9630A8FBA7}.Debug|Any CPU.Build.0 = Debug|Any CPU
		{2E475D27-92B8-4105-8F55-FC9630A8FBA7}.Release|Any CPU.ActiveCfg = Release|Any CPU
		{2E475D27-92B8-4105-8F55-FC9630A8FBA7}.Release|Any CPU.Build.0 = Release|Any CPU
		{45E24F89-259B-4CF6-A6D8-FD6C164A1F99}.Debug|Any CPU.ActiveCfg = Debug|Any CPU
		{45E24F89-259B-4CF6-A6D8-FD6C164A1F99}.Debug|Any CPU.Build.0 = Debug|Any CPU
		{45E24F89-259B-4CF6-A6D8-FD6C164A1F99}.Release|Any CPU.ActiveCfg = Release|Any CPU
		{45E24F89-259B-4CF6-A6D8-FD6C164A1F99}.Release|Any CPU.Build.0 = Release|Any CPU
		{5CCAE4E9-516E-405A-820E-DDCBE46D9F23}.Debug|Any CPU.ActiveCfg = Debug|Any CPU
		{5CCAE4E9-516E-405A-820E-DDCBE46D9F23}.Debug|Any CPU.Build.0 = Debug|Any CPU
		{5CCAE4E9-516E-405A-820E-DDCBE46D9F23}.Release|Any CPU.ActiveCfg = Release|Any CPU
		{5CCAE4E9-516E-405A-820E-DDCBE46D9F23}.Release|Any CPU.Build.0 = Release|Any CPU
		{7036A983-A4A7-4BBB-B288-BEF953190C96}.Debug|Any CPU.ActiveCfg = Debug|Any CPU
		{7036A983-A4A7-4BBB-B288-BEF953190C96}.Debug|Any CPU.Build.0 = Debug|Any CPU
		{7036A983-A4A7-4BBB-B288-BEF953190C96}.Release|Any CPU.ActiveCfg = Release|Any CPU
		{7036A983-A4A7-4BBB-B288-BEF953190C96}.Release|Any CPU.Build.0 = Release|Any CPU
		{24B53E79-0DB5-4ADC-B41B-C16B6F72259B}.Debug|Any CPU.ActiveCfg = Debug|Any CPU
		{24B53E79-0DB5-4ADC-B41B-C16B6F72259B}.Debug|Any CPU.Build.0 = Debug|Any CPU
		{24B53E79-0DB5-4ADC-B41B-C16B6F72259B}.Release|Any CPU.ActiveCfg = Release|Any CPU
		{24B53E79-0DB5-4ADC-B41B-C16B6F72259B}.Release|Any CPU.Build.0 = Release|Any CPU
		{A4A82002-1D2F-4573-82E1-46E3657333D0}.Debug|Any CPU.ActiveCfg = Debug|Any CPU
		{A4A82002-1D2F-4573-82E1-46E3657333D0}.Debug|Any CPU.Build.0 = Debug|Any CPU
		{A4A82002-1D2F-4573-82E1-46E3657333D0}.Release|Any CPU.ActiveCfg = Release|Any CPU
		{A4A82002-1D2F-4573-82E1-46E3657333D0}.Release|Any CPU.Build.0 = Release|Any CPU
	EndGlobalSection
	GlobalSection(SolutionProperties) = preSolution
		HideSolutionNode = FALSE
	EndGlobalSection
	GlobalSection(ExtensibilityGlobals) = postSolution
		SolutionGuid = {9D819A02-6B8E-4F69-9FFF-A15F025F0827}
	EndGlobalSection
EndGlobal
